
Microsoft Visual Studio Solution File, Format Version 12.00
# Visual Studio Version 17
VisualStudioVersion = 17.7.34031.279
MinimumVisualStudioVersion = 10.0.40219.1
Project("{FAE04EC0-301F-11D3-BF4B-00C04F79EFBC}") = "BikeShop_HOT", "BikeShop_HOT\BikeShop_HOT.csproj", "{A1F9830F-FB8A-41B3-82B6-17C18237807B}"
EndProject
Global
	GlobalSection(SolutionConfigurationPlatforms) = preSolution
		Debug|Any CPU = Debug|Any CPU
		Release|Any CPU = Release|Any CPU
	EndGlobalSection
	GlobalSection(ProjectConfigurationPlatforms) = postSolution
		{A1F9830F-FB8A-41B3-82B6-17C18237807B}.Debug|Any CPU.ActiveCfg = Debug|Any CPU
		{A1F9830F-FB8A-41B3-82B6-17C18237807B}.Debug|Any CPU.Build.0 = Debug|Any CPU
		{A1F9830F-FB8A-41B3-82B6-17C18237807B}.Release|Any CPU.ActiveCfg = Release|Any CPU
		{A1F9830F-FB8A-41B3-82B6-17C18237807B}.Release|Any CPU.Build.0 = Release|Any CPU
	EndGlobalSection
	GlobalSection(SolutionProperties) = preSolution
		HideSolutionNode = FALSE
	EndGlobalSection
	GlobalSection(ExtensibilityGlobals) = postSolution
		SolutionGuid = {3904D1DE-D7E4-44F4-A1DA-35362C9FD354}
	EndGlobalSection
EndGlobal
