
Microsoft Visual Studio Solution File, Format Version 12.00
# Visual Studio Version 17
VisualStudioVersion = 17.6.33712.159
MinimumVisualStudioVersion = 10.0.40219.1
Project("{FAE04EC0-301F-11D3-BF4B-00C04F79EFBC}") = "PriceQuotationn", "PriceQuotationn\PriceQuotationn.csproj", "{899D5724-7936-4C5C-8256-0B4EB9454C2E}"
EndProject
Global
	GlobalSection(SolutionConfigurationPlatforms) = preSolution
		Debug|Any CPU = Debug|Any CPU
		Release|Any CPU = Release|Any CPU
	EndGlobalSection
	GlobalSection(ProjectConfigurationPlatforms) = postSolution
		{899D5724-7936-4C5C-8256-0B4EB9454C2E}.Debug|Any CPU.ActiveCfg = Debug|Any CPU
		{899D5724-7936-4C5C-8256-0B4EB9454C2E}.Debug|Any CPU.Build.0 = Debug|Any CPU
		{899D5724-7936-4C5C-8256-0B4EB9454C2E}.Release|Any CPU.ActiveCfg = Release|Any CPU
		{899D5724-7936-4C5C-8256-0B4EB9454C2E}.Release|Any CPU.Build.0 = Release|Any CPU
	EndGlobalSection
	GlobalSection(SolutionProperties) = preSolution
		HideSolutionNode = FALSE
	EndGlobalSection
	GlobalSection(ExtensibilityGlobals) = postSolution
		SolutionGuid = {A0EB7487-B6F0-4CAB-8F6C-4F167F1C384D}
	EndGlobalSection
EndGlobal
