
Microsoft Visual Studio Solution File, Format Version 12.00
# Visual Studio Version 17
VisualStudioVersion = 17.7.34302.85
MinimumVisualStudioVersion = 10.0.40219.1
Project("{FAE04EC0-301F-11D3-BF4B-00C04F79EFBC}") = "FinalProject", "FinalProject\FinalProject.csproj", "{B39AE484-BDE0-4CED-B5EF-075F96814B09}"
EndProject
Project("{FAE04EC0-301F-11D3-BF4B-00C04F79EFBC}") = "DataAccessLibrary", "DataAccessLibrary\DataAccessLibrary.csproj", "{490F53A6-C6C0-4D29-B385-77E9646F0E60}"
EndProject
Global
	GlobalSection(SolutionConfigurationPlatforms) = preSolution
		Debug|Any CPU = Debug|Any CPU
		Release|Any CPU = Release|Any CPU
	EndGlobalSection
	GlobalSection(ProjectConfigurationPlatforms) = postSolution
		{B39AE484-BDE0-4CED-B5EF-075F96814B09}.Debug|Any CPU.ActiveCfg = Debug|Any CPU
		{B39AE484-BDE0-4CED-B5EF-075F96814B09}.Debug|Any CPU.Build.0 = Debug|Any CPU
		{B39AE484-BDE0-4CED-B5EF-075F96814B09}.Release|Any CPU.ActiveCfg = Release|Any CPU
		{B39AE484-BDE0-4CED-B5EF-075F96814B09}.Release|Any CPU.Build.0 = Release|Any CPU
		{490F53A6-C6C0-4D29-B385-77E9646F0E60}.Debug|Any CPU.ActiveCfg = Debug|Any CPU
		{490F53A6-C6C0-4D29-B385-77E9646F0E60}.Debug|Any CPU.Build.0 = Debug|Any CPU
		{490F53A6-C6C0-4D29-B385-77E9646F0E60}.Release|Any CPU.ActiveCfg = Release|Any CPU
		{490F53A6-C6C0-4D29-B385-77E9646F0E60}.Release|Any CPU.Build.0 = Release|Any CPU
	EndGlobalSection
	GlobalSection(SolutionProperties) = preSolution
		HideSolutionNode = FALSE
	EndGlobalSection
	GlobalSection(ExtensibilityGlobals) = postSolution
		SolutionGuid = {1A916AA0-EB41-437D-8085-E594120E32CD}
	EndGlobalSection
EndGlobal
